
Microsoft Visual Studio Solution File, Format Version 12.00
# Visual Studio 14
VisualStudioVersion = 14.0.23107.0
MinimumVisualStudioVersion = 10.0.40219.1
Project("{070BCB52-5A75-4F8C-A973-144AF0EAFCC9}") = "Dots", "Dots\Dots.iceproj", "{ECD5FB9E-08DC-40A5-8A0C-0EDCCA15B322}"
EndProject
Project("{070BCB52-5A75-4F8C-A973-144AF0EAFCC9}") = "PayPal", "PayPal\PayPal.iceproj", "{A2774761-197A-441D-A758-91D2A6CC5865}"
EndProject
Global
	GlobalSection(SolutionConfigurationPlatforms) = preSolution
		Debug|Any CPU = Debug|Any CPU
		Release|Any CPU = Release|Any CPU
	EndGlobalSection
	GlobalSection(ProjectConfigurationPlatforms) = postSolution
		{ECD5FB9E-08DC-40A5-8A0C-0EDCCA15B322}.Debug|Any CPU.ActiveCfg = Debug|Any CPU
		{ECD5FB9E-08DC-40A5-8A0C-0EDCCA15B322}.Debug|Any CPU.Build.0 = Debug|Any CPU
		{ECD5FB9E-08DC-40A5-8A0C-0EDCCA15B322}.Release|Any CPU.ActiveCfg = Release|Any CPU
		{ECD5FB9E-08DC-40A5-8A0C-0EDCCA15B322}.Release|Any CPU.Build.0 = Release|Any CPU
		{A2774761-197A-441D-A758-91D2A6CC5865}.Debug|Any CPU.ActiveCfg = Debug|Any CPU
		{A2774761-197A-441D-A758-91D2A6CC5865}.Debug|Any CPU.Build.0 = Debug|Any CPU
		{A2774761-197A-441D-A758-91D2A6CC5865}.Release|Any CPU.ActiveCfg = Release|Any CPU
		{A2774761-197A-441D-A758-91D2A6CC5865}.Release|Any CPU.Build.0 = Release|Any CPU
	EndGlobalSection
	GlobalSection(SolutionProperties) = preSolution
		HideSolutionNode = FALSE
	EndGlobalSection
EndGlobal
